
Microsoft Visual Studio Solution File, Format Version 12.00
# Visual Studio Version 17
VisualStudioVersion = 17.8.34511.84
MinimumVisualStudioVersion = 10.0.40219.1
Project("{FAE04EC0-301F-11D3-BF4B-00C04F79EFBC}") = "MAUI-CleanArchitecture", "MAUI-CleanArchitecture\MAUI-CleanArchitecture.csproj", "{25FC13FF-88CD-4D25-B883-FC9DDFD5DD58}"
EndProject
Global
	GlobalSection(SolutionConfigurationPlatforms) = preSolution
		Debug|Any CPU = Debug|Any CPU
		Release|Any CPU = Release|Any CPU
	EndGlobalSection
	GlobalSection(ProjectConfigurationPlatforms) = postSolution
		{25FC13FF-88CD-4D25-B883-FC9DDFD5DD58}.Debug|Any CPU.ActiveCfg = Debug|Any CPU
		{25FC13FF-88CD-4D25-B883-FC9DDFD5DD58}.Debug|Any CPU.Build.0 = Debug|Any CPU
		{25FC13FF-88CD-4D25-B883-FC9DDFD5DD58}.Debug|Any CPU.Deploy.0 = Debug|Any CPU
		{25FC13FF-88CD-4D25-B883-FC9DDFD5DD58}.Release|Any CPU.ActiveCfg = Release|Any CPU
		{25FC13FF-88CD-4D25-B883-FC9DDFD5DD58}.Release|Any CPU.Build.0 = Release|Any CPU
		{25FC13FF-88CD-4D25-B883-FC9DDFD5DD58}.Release|Any CPU.Deploy.0 = Release|Any CPU
	EndGlobalSection
	GlobalSection(SolutionProperties) = preSolution
		HideSolutionNode = FALSE
	EndGlobalSection
	GlobalSection(ExtensibilityGlobals) = postSolution
		SolutionGuid = {880E5660-76BE-473B-8948-A0AF4DC873EF}
	EndGlobalSection
EndGlobal
